// !$*UTF8*$!
{
	archiveVersion = 1;
	classes = {
	};
	objectVersion = 50;
	objects = {

/* Begin PBXBuildFile section */
		14120F73263C79F8002D89CC /* PersonalNotes.rtf in Resources */ = {isa = PBXBuildFile; fileRef = 14120F72263C79F8002D89CC /* PersonalNotes.rtf */; };
		1416C9CA264086B900BAB857 /* Navigator.swift in Sources */ = {isa = PBXBuildFile; fileRef = 1416C9C9264086B900BAB857 /* Navigator.swift */; };
		1416C9CC264088D800BAB857 /* AppRootViewController.swift in Sources */ = {isa = PBXBuildFile; fileRef = 1416C9CB264088D800BAB857 /* AppRootViewController.swift */; };
		1416C9CE2640892B00BAB857 /* UIView+Extensions.swift in Sources */ = {isa = PBXBuildFile; fileRef = 1416C9CD2640892B00BAB857 /* UIView+Extensions.swift */; };
		1416CA842649AD2500BAB857 /* UIButton+Extensions.swift in Sources */ = {isa = PBXBuildFile; fileRef = 1416CA832649AD2500BAB857 /* UIButton+Extensions.swift */; };
		1416CA862649B19F00BAB857 /* TimerViewCoordinator.swift in Sources */ = {isa = PBXBuildFile; fileRef = 1416CA852649B19F00BAB857 /* TimerViewCoordinator.swift */; };
		1416CA882649F51700BAB857 /* TimerViewModel.swift in Sources */ = {isa = PBXBuildFile; fileRef = 1416CA872649F51700BAB857 /* TimerViewModel.swift */; };
		1416CA8C2649F55100BAB857 /* TimerUIView.swift in Sources */ = {isa = PBXBuildFile; fileRef = 1416CA8B2649F55100BAB857 /* TimerUIView.swift */; };
		1416CA8E264C220E00BAB857 /* WeightsUIView.swift in Sources */ = {isa = PBXBuildFile; fileRef = 1416CA8D264C220E00BAB857 /* WeightsUIView.swift */; };
		1416CA90264C223E00BAB857 /* StatsUIView.swift in Sources */ = {isa = PBXBuildFile; fileRef = 1416CA8F264C223E00BAB857 /* StatsUIView.swift */; };
		1416CA92264C225E00BAB857 /* CalendarUIView.swift in Sources */ = {isa = PBXBuildFile; fileRef = 1416CA91264C225E00BAB857 /* CalendarUIView.swift */; };
		1416CA94264C231200BAB857 /* WeightsViewModel.swift in Sources */ = {isa = PBXBuildFile; fileRef = 1416CA93264C231200BAB857 /* WeightsViewModel.swift */; };
		1416CA96264C232200BAB857 /* StatsViewModel.swift in Sources */ = {isa = PBXBuildFile; fileRef = 1416CA95264C232200BAB857 /* StatsViewModel.swift */; };
		1416CA98264C232D00BAB857 /* CalendarViewModel.swift in Sources */ = {isa = PBXBuildFile; fileRef = 1416CA97264C232D00BAB857 /* CalendarViewModel.swift */; };
		1416CA9A264C244800BAB857 /* WeightsViewController.swift in Sources */ = {isa = PBXBuildFile; fileRef = 1416CA99264C244800BAB857 /* WeightsViewController.swift */; };
		1416CA9C264C245200BAB857 /* StatsViewController.swift in Sources */ = {isa = PBXBuildFile; fileRef = 1416CA9B264C245200BAB857 /* StatsViewController.swift */; };
		1416CA9E264C246100BAB857 /* CalendarViewController.swift in Sources */ = {isa = PBXBuildFile; fileRef = 1416CA9D264C246100BAB857 /* CalendarViewController.swift */; };
		1416CAA0264C256D00BAB857 /* WeightsViewCoordinator.swift in Sources */ = {isa = PBXBuildFile; fileRef = 1416CA9F264C256D00BAB857 /* WeightsViewCoordinator.swift */; };
		1416CAA2264C257800BAB857 /* StatsViewCoordinator.swift in Sources */ = {isa = PBXBuildFile; fileRef = 1416CAA1264C257800BAB857 /* StatsViewCoordinator.swift */; };
		1416CAA4264C258A00BAB857 /* CaldendarViewCoordinator.swift in Sources */ = {isa = PBXBuildFile; fileRef = 1416CAA3264C258A00BAB857 /* CaldendarViewCoordinator.swift */; };
		1416CAA62652E08700BAB857 /* PlayPauseUIButton.swift in Sources */ = {isa = PBXBuildFile; fileRef = 1416CAA52652E08600BAB857 /* PlayPauseUIButton.swift */; };
		142631B725BD02040083A04F /* SelectionUIButton.swift in Sources */ = {isa = PBXBuildFile; fileRef = 142631B625BD02040083A04F /* SelectionUIButton.swift */; };
		142631CA25BD24CF0083A04F /* UIColor+Extensions.swift in Sources */ = {isa = PBXBuildFile; fileRef = 142631C925BD24CF0083A04F /* UIColor+Extensions.swift */; };
		142999BE261BEE08006E698B /* AppDelegateRouter.swift in Sources */ = {isa = PBXBuildFile; fileRef = 142999BD261BEE08006E698B /* AppDelegateRouter.swift */; };
		1430DD0325D82669006F0ADD /* TimerViewController.swift in Sources */ = {isa = PBXBuildFile; fileRef = 1430DD0225D82669006F0ADD /* TimerViewController.swift */; };
		1436EC9825B12582004720EF /* SelectionViewModel.swift in Sources */ = {isa = PBXBuildFile; fileRef = 1436EC9725B12582004720EF /* SelectionViewModel.swift */; };
		146934E125A2605B00878DB9 /* AppDelegate.swift in Sources */ = {isa = PBXBuildFile; fileRef = 146934E025A2605B00878DB9 /* AppDelegate.swift */; };
		146934E325A2605B00878DB9 /* SceneDelegate.swift in Sources */ = {isa = PBXBuildFile; fileRef = 146934E225A2605B00878DB9 /* SceneDelegate.swift */; };
		146934E825A2605B00878DB9 /* Main.storyboard in Resources */ = {isa = PBXBuildFile; fileRef = 146934E625A2605B00878DB9 /* Main.storyboard */; };
		146934EB25A2605B00878DB9 /* TopOutTrainer.xcdatamodeld in Sources */ = {isa = PBXBuildFile; fileRef = 146934E925A2605B00878DB9 /* TopOutTrainer.xcdatamodeld */; };
		146934ED25A2605E00878DB9 /* Assets.xcassets in Resources */ = {isa = PBXBuildFile; fileRef = 146934EC25A2605E00878DB9 /* Assets.xcassets */; };
		146934F025A2605E00878DB9 /* LaunchScreen.storyboard in Resources */ = {isa = PBXBuildFile; fileRef = 146934EE25A2605E00878DB9 /* LaunchScreen.storyboard */; };
		146934FB25A2605E00878DB9 /* TopOutTrainerTests.swift in Sources */ = {isa = PBXBuildFile; fileRef = 146934FA25A2605E00878DB9 /* TopOutTrainerTests.swift */; };
		1469350625A2605E00878DB9 /* TopOutTrainerUITests.swift in Sources */ = {isa = PBXBuildFile; fileRef = 1469350525A2605E00878DB9 /* TopOutTrainerUITests.swift */; };
		148491D9261B992C00518405 /* Router.swift in Sources */ = {isa = PBXBuildFile; fileRef = 148491D8261B992C00518405 /* Router.swift */; };
		148491E1261B9BA500518405 /* NavigationRouter.swift in Sources */ = {isa = PBXBuildFile; fileRef = 148491E0261B9BA500518405 /* NavigationRouter.swift */; };
		149B184125B4CCBD00F8B325 /* SelectionUIView.swift in Sources */ = {isa = PBXBuildFile; fileRef = 149B184025B4CCBD00F8B325 /* SelectionUIView.swift */; };
		14D13F6F25AA71E600CF6FF1 /* AppCoordinator.swift in Sources */ = {isa = PBXBuildFile; fileRef = 14D13F6E25AA71E600CF6FF1 /* AppCoordinator.swift */; };
		14D13F7825AA730F00CF6FF1 /* Coordinator.swift in Sources */ = {isa = PBXBuildFile; fileRef = 14D13F7725AA730F00CF6FF1 /* Coordinator.swift */; };
		14D13F7D25AA772200CF6FF1 /* SelectionViewCoordinator.swift in Sources */ = {isa = PBXBuildFile; fileRef = 14D13F7C25AA772200CF6FF1 /* SelectionViewCoordinator.swift */; };
		14D13F8225AA776600CF6FF1 /* SelectionViewController.swift in Sources */ = {isa = PBXBuildFile; fileRef = 14D13F8125AA776600CF6FF1 /* SelectionViewController.swift */; };
/* End PBXBuildFile section */

/* Begin PBXContainerItemProxy section */
		146934F725A2605E00878DB9 /* PBXContainerItemProxy */ = {
			isa = PBXContainerItemProxy;
			containerPortal = 146934D525A2605B00878DB9 /* Project object */;
			proxyType = 1;
			remoteGlobalIDString = 146934DC25A2605B00878DB9;
			remoteInfo = TopOutTrainer;
		};
		1469350225A2605E00878DB9 /* PBXContainerItemProxy */ = {
			isa = PBXContainerItemProxy;
			containerPortal = 146934D525A2605B00878DB9 /* Project object */;
			proxyType = 1;
			remoteGlobalIDString = 146934DC25A2605B00878DB9;
			remoteInfo = TopOutTrainer;
		};
/* End PBXContainerItemProxy section */

/* Begin PBXFileReference section */
		14120F72263C79F8002D89CC /* PersonalNotes.rtf */ = {isa = PBXFileReference; lastKnownFileType = text.rtf; path = PersonalNotes.rtf; sourceTree = "<group>"; };
		1416C9C9264086B900BAB857 /* Navigator.swift */ = {isa = PBXFileReference; lastKnownFileType = sourcecode.swift; path = Navigator.swift; sourceTree = "<group>"; };
		1416C9CB264088D800BAB857 /* AppRootViewController.swift */ = {isa = PBXFileReference; lastKnownFileType = sourcecode.swift; path = AppRootViewController.swift; sourceTree = "<group>"; };
		1416C9CD2640892B00BAB857 /* UIView+Extensions.swift */ = {isa = PBXFileReference; lastKnownFileType = sourcecode.swift; path = "UIView+Extensions.swift"; sourceTree = "<group>"; };
		1416CA832649AD2500BAB857 /* UIButton+Extensions.swift */ = {isa = PBXFileReference; lastKnownFileType = sourcecode.swift; path = "UIButton+Extensions.swift"; sourceTree = "<group>"; };
		1416CA852649B19F00BAB857 /* TimerViewCoordinator.swift */ = {isa = PBXFileReference; lastKnownFileType = sourcecode.swift; path = TimerViewCoordinator.swift; sourceTree = "<group>"; };
		1416CA872649F51700BAB857 /* TimerViewModel.swift */ = {isa = PBXFileReference; lastKnownFileType = sourcecode.swift; path = TimerViewModel.swift; sourceTree = "<group>"; };
		1416CA8B2649F55100BAB857 /* TimerUIView.swift */ = {isa = PBXFileReference; lastKnownFileType = sourcecode.swift; path = TimerUIView.swift; sourceTree = "<group>"; };
		1416CA8D264C220E00BAB857 /* WeightsUIView.swift */ = {isa = PBXFileReference; lastKnownFileType = sourcecode.swift; path = WeightsUIView.swift; sourceTree = "<group>"; };
		1416CA8F264C223E00BAB857 /* StatsUIView.swift */ = {isa = PBXFileReference; lastKnownFileType = sourcecode.swift; path = StatsUIView.swift; sourceTree = "<group>"; };
		1416CA91264C225E00BAB857 /* CalendarUIView.swift */ = {isa = PBXFileReference; lastKnownFileType = sourcecode.swift; path = CalendarUIView.swift; sourceTree = "<group>"; };
		1416CA93264C231200BAB857 /* WeightsViewModel.swift */ = {isa = PBXFileReference; lastKnownFileType = sourcecode.swift; path = WeightsViewModel.swift; sourceTree = "<group>"; };
		1416CA95264C232200BAB857 /* StatsViewModel.swift */ = {isa = PBXFileReference; lastKnownFileType = sourcecode.swift; path = StatsViewModel.swift; sourceTree = "<group>"; };
		1416CA97264C232D00BAB857 /* CalendarViewModel.swift */ = {isa = PBXFileReference; lastKnownFileType = sourcecode.swift; path = CalendarViewModel.swift; sourceTree = "<group>"; };
		1416CA99264C244800BAB857 /* WeightsViewController.swift */ = {isa = PBXFileReference; lastKnownFileType = sourcecode.swift; path = WeightsViewController.swift; sourceTree = "<group>"; };
		1416CA9B264C245200BAB857 /* StatsViewController.swift */ = {isa = PBXFileReference; lastKnownFileType = sourcecode.swift; path = StatsViewController.swift; sourceTree = "<group>"; };
		1416CA9D264C246100BAB857 /* CalendarViewController.swift */ = {isa = PBXFileReference; lastKnownFileType = sourcecode.swift; path = CalendarViewController.swift; sourceTree = "<group>"; };
		1416CA9F264C256D00BAB857 /* WeightsViewCoordinator.swift */ = {isa = PBXFileReference; lastKnownFileType = sourcecode.swift; path = WeightsViewCoordinator.swift; sourceTree = "<group>"; };
		1416CAA1264C257800BAB857 /* StatsViewCoordinator.swift */ = {isa = PBXFileReference; lastKnownFileType = sourcecode.swift; path = StatsViewCoordinator.swift; sourceTree = "<group>"; };
		1416CAA3264C258A00BAB857 /* CaldendarViewCoordinator.swift */ = {isa = PBXFileReference; lastKnownFileType = sourcecode.swift; path = CaldendarViewCoordinator.swift; sourceTree = "<group>"; };
		1416CAA52652E08600BAB857 /* PlayPauseUIButton.swift */ = {isa = PBXFileReference; lastKnownFileType = sourcecode.swift; path = PlayPauseUIButton.swift; sourceTree = "<group>"; };
		142631B625BD02040083A04F /* SelectionUIButton.swift */ = {isa = PBXFileReference; lastKnownFileType = sourcecode.swift; path = SelectionUIButton.swift; sourceTree = "<group>"; };
		142631C925BD24CF0083A04F /* UIColor+Extensions.swift */ = {isa = PBXFileReference; lastKnownFileType = sourcecode.swift; path = "UIColor+Extensions.swift"; sourceTree = "<group>"; };
		142999BD261BEE08006E698B /* AppDelegateRouter.swift */ = {isa = PBXFileReference; lastKnownFileType = sourcecode.swift; path = AppDelegateRouter.swift; sourceTree = "<group>"; };
		1430DD0225D82669006F0ADD /* TimerViewController.swift */ = {isa = PBXFileReference; lastKnownFileType = sourcecode.swift; path = TimerViewController.swift; sourceTree = "<group>"; };
		1436EC9725B12582004720EF /* SelectionViewModel.swift */ = {isa = PBXFileReference; lastKnownFileType = sourcecode.swift; path = SelectionViewModel.swift; sourceTree = "<group>"; };
		146934DD25A2605B00878DB9 /* TopOutTrainer.app */ = {isa = PBXFileReference; explicitFileType = wrapper.application; includeInIndex = 0; path = TopOutTrainer.app; sourceTree = BUILT_PRODUCTS_DIR; };
		146934E025A2605B00878DB9 /* AppDelegate.swift */ = {isa = PBXFileReference; lastKnownFileType = sourcecode.swift; path = AppDelegate.swift; sourceTree = "<group>"; };
		146934E225A2605B00878DB9 /* SceneDelegate.swift */ = {isa = PBXFileReference; lastKnownFileType = sourcecode.swift; path = SceneDelegate.swift; sourceTree = "<group>"; };
		146934E725A2605B00878DB9 /* Base */ = {isa = PBXFileReference; lastKnownFileType = file.storyboard; name = Base; path = Base.lproj/Main.storyboard; sourceTree = "<group>"; };
		146934EA25A2605B00878DB9 /* TopOutTrainer.xcdatamodel */ = {isa = PBXFileReference; lastKnownFileType = wrapper.xcdatamodel; path = TopOutTrainer.xcdatamodel; sourceTree = "<group>"; };
		146934EC25A2605E00878DB9 /* Assets.xcassets */ = {isa = PBXFileReference; lastKnownFileType = folder.assetcatalog; path = Assets.xcassets; sourceTree = "<group>"; };
		146934EF25A2605E00878DB9 /* Base */ = {isa = PBXFileReference; lastKnownFileType = file.storyboard; name = Base; path = Base.lproj/LaunchScreen.storyboard; sourceTree = "<group>"; };
		146934F125A2605E00878DB9 /* Info.plist */ = {isa = PBXFileReference; lastKnownFileType = text.plist.xml; path = Info.plist; sourceTree = "<group>"; };
		146934F625A2605E00878DB9 /* TopOutTrainerTests.xctest */ = {isa = PBXFileReference; explicitFileType = wrapper.cfbundle; includeInIndex = 0; path = TopOutTrainerTests.xctest; sourceTree = BUILT_PRODUCTS_DIR; };
		146934FA25A2605E00878DB9 /* TopOutTrainerTests.swift */ = {isa = PBXFileReference; lastKnownFileType = sourcecode.swift; path = TopOutTrainerTests.swift; sourceTree = "<group>"; };
		146934FC25A2605E00878DB9 /* Info.plist */ = {isa = PBXFileReference; lastKnownFileType = text.plist.xml; path = Info.plist; sourceTree = "<group>"; };
		1469350125A2605E00878DB9 /* TopOutTrainerUITests.xctest */ = {isa = PBXFileReference; explicitFileType = wrapper.cfbundle; includeInIndex = 0; path = TopOutTrainerUITests.xctest; sourceTree = BUILT_PRODUCTS_DIR; };
		1469350525A2605E00878DB9 /* TopOutTrainerUITests.swift */ = {isa = PBXFileReference; lastKnownFileType = sourcecode.swift; path = TopOutTrainerUITests.swift; sourceTree = "<group>"; };
		1469350725A2605E00878DB9 /* Info.plist */ = {isa = PBXFileReference; lastKnownFileType = text.plist.xml; path = Info.plist; sourceTree = "<group>"; };
		148491D8261B992C00518405 /* Router.swift */ = {isa = PBXFileReference; lastKnownFileType = sourcecode.swift; path = Router.swift; sourceTree = "<group>"; };
		148491E0261B9BA500518405 /* NavigationRouter.swift */ = {isa = PBXFileReference; lastKnownFileType = sourcecode.swift; path = NavigationRouter.swift; sourceTree = "<group>"; };
		149B184025B4CCBD00F8B325 /* SelectionUIView.swift */ = {isa = PBXFileReference; lastKnownFileType = sourcecode.swift; path = SelectionUIView.swift; sourceTree = "<group>"; };
		14D13F6E25AA71E600CF6FF1 /* AppCoordinator.swift */ = {isa = PBXFileReference; lastKnownFileType = sourcecode.swift; path = AppCoordinator.swift; sourceTree = "<group>"; };
		14D13F7725AA730F00CF6FF1 /* Coordinator.swift */ = {isa = PBXFileReference; lastKnownFileType = sourcecode.swift; path = Coordinator.swift; sourceTree = "<group>"; };
		14D13F7C25AA772200CF6FF1 /* SelectionViewCoordinator.swift */ = {isa = PBXFileReference; lastKnownFileType = sourcecode.swift; path = SelectionViewCoordinator.swift; sourceTree = "<group>"; };
		14D13F8125AA776600CF6FF1 /* SelectionViewController.swift */ = {isa = PBXFileReference; lastKnownFileType = sourcecode.swift; path = SelectionViewController.swift; sourceTree = "<group>"; };
/* End PBXFileReference section */

/* Begin PBXFrameworksBuildPhase section */
		146934DA25A2605B00878DB9 /* Frameworks */ = {
			isa = PBXFrameworksBuildPhase;
			buildActionMask = 2147483647;
			files = (
			);
			runOnlyForDeploymentPostprocessing = 0;
		};
		146934F325A2605E00878DB9 /* Frameworks */ = {
			isa = PBXFrameworksBuildPhase;
			buildActionMask = 2147483647;
			files = (
			);
			runOnlyForDeploymentPostprocessing = 0;
		};
		146934FE25A2605E00878DB9 /* Frameworks */ = {
			isa = PBXFrameworksBuildPhase;
			buildActionMask = 2147483647;
			files = (
			);
			runOnlyForDeploymentPostprocessing = 0;
		};
/* End PBXFrameworksBuildPhase section */

/* Begin PBXGroup section */
		14120F71263C79CA002D89CC /* Notes */ = {
			isa = PBXGroup;
			children = (
				14120F72263C79F8002D89CC /* PersonalNotes.rtf */,
			);
			path = Notes;
			sourceTree = "<group>";
		};
		1436EC9625B12565004720EF /* Models */ = {
			isa = PBXGroup;
			children = (
				1436EC9725B12582004720EF /* SelectionViewModel.swift */,
				1416CA872649F51700BAB857 /* TimerViewModel.swift */,
				1416CA93264C231200BAB857 /* WeightsViewModel.swift */,
				1416CA95264C232200BAB857 /* StatsViewModel.swift */,
				1416CA97264C232D00BAB857 /* CalendarViewModel.swift */,
			);
			path = Models;
			sourceTree = "<group>";
		};
		1436EC9C25B4A0D6004720EF /* Extensions */ = {
			isa = PBXGroup;
			children = (
				142631C925BD24CF0083A04F /* UIColor+Extensions.swift */,
				1416C9CD2640892B00BAB857 /* UIView+Extensions.swift */,
				1416CA832649AD2500BAB857 /* UIButton+Extensions.swift */,
			);
			path = Extensions;
			sourceTree = "<group>";
		};
		1446B45C25B51F1000B11A8C /* ViewControllers */ = {
			isa = PBXGroup;
			children = (
				1416C9CB264088D800BAB857 /* AppRootViewController.swift */,
				14D13F8125AA776600CF6FF1 /* SelectionViewController.swift */,
				1430DD0225D82669006F0ADD /* TimerViewController.swift */,
				1416CA99264C244800BAB857 /* WeightsViewController.swift */,
				1416CA9B264C245200BAB857 /* StatsViewController.swift */,
				1416CA9D264C246100BAB857 /* CalendarViewController.swift */,
			);
			path = ViewControllers;
			sourceTree = "<group>";
		};
		146934D425A2605B00878DB9 = {
			isa = PBXGroup;
			children = (
				14120F71263C79CA002D89CC /* Notes */,
				146934DF25A2605B00878DB9 /* TopOutTrainer */,
				146934F925A2605E00878DB9 /* TopOutTrainerTests */,
				1469350425A2605E00878DB9 /* TopOutTrainerUITests */,
				146934DE25A2605B00878DB9 /* Products */,
			);
			sourceTree = "<group>";
		};
		146934DE25A2605B00878DB9 /* Products */ = {
			isa = PBXGroup;
			children = (
				146934DD25A2605B00878DB9 /* TopOutTrainer.app */,
				146934F625A2605E00878DB9 /* TopOutTrainerTests.xctest */,
				1469350125A2605E00878DB9 /* TopOutTrainerUITests.xctest */,
			);
			name = Products;
			sourceTree = "<group>";
		};
		146934DF25A2605B00878DB9 /* TopOutTrainer */ = {
			isa = PBXGroup;
			children = (
				149B184825B514C300F8B325 /* Views */,
				1436EC9625B12565004720EF /* Models */,
				148491D7261B98FF00518405 /* Routers */,
				1436EC9C25B4A0D6004720EF /* Extensions */,
				1446B45C25B51F1000B11A8C /* ViewControllers */,
				14D13F6D25AA719E00CF6FF1 /* Coordinators */,
				1469351725A2696000878DB9 /* DefaultFiles */,
				146934F125A2605E00878DB9 /* Info.plist */,
			);
			path = TopOutTrainer;
			sourceTree = "<group>";
		};
		146934F925A2605E00878DB9 /* TopOutTrainerTests */ = {
			isa = PBXGroup;
			children = (
				146934FA25A2605E00878DB9 /* TopOutTrainerTests.swift */,
				146934FC25A2605E00878DB9 /* Info.plist */,
			);
			path = TopOutTrainerTests;
			sourceTree = "<group>";
		};
		1469350425A2605E00878DB9 /* TopOutTrainerUITests */ = {
			isa = PBXGroup;
			children = (
				1469350525A2605E00878DB9 /* TopOutTrainerUITests.swift */,
				1469350725A2605E00878DB9 /* Info.plist */,
			);
			path = TopOutTrainerUITests;
			sourceTree = "<group>";
		};
		1469351725A2696000878DB9 /* DefaultFiles */ = {
			isa = PBXGroup;
			children = (
				146934E225A2605B00878DB9 /* SceneDelegate.swift */,
				146934E025A2605B00878DB9 /* AppDelegate.swift */,
				146934E625A2605B00878DB9 /* Main.storyboard */,
				146934EC25A2605E00878DB9 /* Assets.xcassets */,
				146934EE25A2605E00878DB9 /* LaunchScreen.storyboard */,
				146934E925A2605B00878DB9 /* TopOutTrainer.xcdatamodeld */,
			);
			path = DefaultFiles;
			sourceTree = "<group>";
		};
		148491D7261B98FF00518405 /* Routers */ = {
			isa = PBXGroup;
			children = (
				142999BD261BEE08006E698B /* AppDelegateRouter.swift */,
				148491E0261B9BA500518405 /* NavigationRouter.swift */,
				148491D8261B992C00518405 /* Router.swift */,
			);
			path = Routers;
			sourceTree = "<group>";
		};
		149B184825B514C300F8B325 /* Views */ = {
			isa = PBXGroup;
			children = (
				142631B625BD02040083A04F /* SelectionUIButton.swift */,
				149B184025B4CCBD00F8B325 /* SelectionUIView.swift */,
				1416CA8B2649F55100BAB857 /* TimerUIView.swift */,
				1416CA8D264C220E00BAB857 /* WeightsUIView.swift */,
				1416CA8F264C223E00BAB857 /* StatsUIView.swift */,
				1416CA91264C225E00BAB857 /* CalendarUIView.swift */,
				1416CAA52652E08600BAB857 /* PlayPauseUIButton.swift */,
			);
			path = Views;
			sourceTree = "<group>";
		};
		14D13F6D25AA719E00CF6FF1 /* Coordinators */ = {
			isa = PBXGroup;
			children = (
				14D13F7C25AA772200CF6FF1 /* SelectionViewCoordinator.swift */,
				14D13F6E25AA71E600CF6FF1 /* AppCoordinator.swift */,
				1416CA852649B19F00BAB857 /* TimerViewCoordinator.swift */,
				14D13F7725AA730F00CF6FF1 /* Coordinator.swift */,
				1416C9C9264086B900BAB857 /* Navigator.swift */,
				1416CA9F264C256D00BAB857 /* WeightsViewCoordinator.swift */,
				1416CAA1264C257800BAB857 /* StatsViewCoordinator.swift */,
				1416CAA3264C258A00BAB857 /* CaldendarViewCoordinator.swift */,
			);
			path = Coordinators;
			sourceTree = "<group>";
		};
/* End PBXGroup section */

/* Begin PBXNativeTarget section */
		146934DC25A2605B00878DB9 /* TopOutTrainer */ = {
			isa = PBXNativeTarget;
			buildConfigurationList = 1469350A25A2605E00878DB9 /* Build configuration list for PBXNativeTarget "TopOutTrainer" */;
			buildPhases = (
				146934D925A2605B00878DB9 /* Sources */,
				146934DA25A2605B00878DB9 /* Frameworks */,
				146934DB25A2605B00878DB9 /* Resources */,
			);
			buildRules = (
			);
			dependencies = (
			);
			name = TopOutTrainer;
			productName = TopOutTrainer;
			productReference = 146934DD25A2605B00878DB9 /* TopOutTrainer.app */;
			productType = "com.apple.product-type.application";
		};
		146934F525A2605E00878DB9 /* TopOutTrainerTests */ = {
			isa = PBXNativeTarget;
			buildConfigurationList = 1469350D25A2605E00878DB9 /* Build configuration list for PBXNativeTarget "TopOutTrainerTests" */;
			buildPhases = (
				146934F225A2605E00878DB9 /* Sources */,
				146934F325A2605E00878DB9 /* Frameworks */,
				146934F425A2605E00878DB9 /* Resources */,
			);
			buildRules = (
			);
			dependencies = (
				146934F825A2605E00878DB9 /* PBXTargetDependency */,
			);
			name = TopOutTrainerTests;
			productName = TopOutTrainerTests;
			productReference = 146934F625A2605E00878DB9 /* TopOutTrainerTests.xctest */;
			productType = "com.apple.product-type.bundle.unit-test";
		};
		1469350025A2605E00878DB9 /* TopOutTrainerUITests */ = {
			isa = PBXNativeTarget;
			buildConfigurationList = 1469351025A2605E00878DB9 /* Build configuration list for PBXNativeTarget "TopOutTrainerUITests" */;
			buildPhases = (
				146934FD25A2605E00878DB9 /* Sources */,
				146934FE25A2605E00878DB9 /* Frameworks */,
				146934FF25A2605E00878DB9 /* Resources */,
			);
			buildRules = (
			);
			dependencies = (
				1469350325A2605E00878DB9 /* PBXTargetDependency */,
			);
			name = TopOutTrainerUITests;
			productName = TopOutTrainerUITests;
			productReference = 1469350125A2605E00878DB9 /* TopOutTrainerUITests.xctest */;
			productType = "com.apple.product-type.bundle.ui-testing";
		};
/* End PBXNativeTarget section */

/* Begin PBXProject section */
		146934D525A2605B00878DB9 /* Project object */ = {
			isa = PBXProject;
			attributes = {
				LastSwiftUpdateCheck = 1230;
				LastUpgradeCheck = 1230;
				TargetAttributes = {
					146934DC25A2605B00878DB9 = {
						CreatedOnToolsVersion = 12.3;
					};
					146934F525A2605E00878DB9 = {
						CreatedOnToolsVersion = 12.3;
						TestTargetID = 146934DC25A2605B00878DB9;
					};
					1469350025A2605E00878DB9 = {
						CreatedOnToolsVersion = 12.3;
						TestTargetID = 146934DC25A2605B00878DB9;
					};
				};
			};
			buildConfigurationList = 146934D825A2605B00878DB9 /* Build configuration list for PBXProject "TopOutTrainer" */;
			compatibilityVersion = "Xcode 9.3";
			developmentRegion = en;
			hasScannedForEncodings = 0;
			knownRegions = (
				en,
				Base,
			);
			mainGroup = 146934D425A2605B00878DB9;
			productRefGroup = 146934DE25A2605B00878DB9 /* Products */;
			projectDirPath = "";
			projectRoot = "";
			targets = (
				146934DC25A2605B00878DB9 /* TopOutTrainer */,
				146934F525A2605E00878DB9 /* TopOutTrainerTests */,
				1469350025A2605E00878DB9 /* TopOutTrainerUITests */,
			);
		};
/* End PBXProject section */

/* Begin PBXResourcesBuildPhase section */
		146934DB25A2605B00878DB9 /* Resources */ = {
			isa = PBXResourcesBuildPhase;
			buildActionMask = 2147483647;
			files = (
				14120F73263C79F8002D89CC /* PersonalNotes.rtf in Resources */,
				146934F025A2605E00878DB9 /* LaunchScreen.storyboard in Resources */,
				146934ED25A2605E00878DB9 /* Assets.xcassets in Resources */,
				146934E825A2605B00878DB9 /* Main.storyboard in Resources */,
			);
			runOnlyForDeploymentPostprocessing = 0;
		};
		146934F425A2605E00878DB9 /* Resources */ = {
			isa = PBXResourcesBuildPhase;
			buildActionMask = 2147483647;
			files = (
			);
			runOnlyForDeploymentPostprocessing = 0;
		};
		146934FF25A2605E00878DB9 /* Resources */ = {
			isa = PBXResourcesBuildPhase;
			buildActionMask = 2147483647;
			files = (
			);
			runOnlyForDeploymentPostprocessing = 0;
		};
/* End PBXResourcesBuildPhase section */

/* Begin PBXSourcesBuildPhase section */
		146934D925A2605B00878DB9 /* Sources */ = {
			isa = PBXSourcesBuildPhase;
			buildActionMask = 2147483647;
			files = (
				1416CA8E264C220E00BAB857 /* WeightsUIView.swift in Sources */,
				1416CA842649AD2500BAB857 /* UIButton+Extensions.swift in Sources */,
				1416CA862649B19F00BAB857 /* TimerViewCoordinator.swift in Sources */,
				1416CAA62652E08700BAB857 /* PlayPauseUIButton.swift in Sources */,
				1436EC9825B12582004720EF /* SelectionViewModel.swift in Sources */,
				1416CA92264C225E00BAB857 /* CalendarUIView.swift in Sources */,
				1416CA90264C223E00BAB857 /* StatsUIView.swift in Sources */,
				1416C9CE2640892B00BAB857 /* UIView+Extensions.swift in Sources */,
				148491E1261B9BA500518405 /* NavigationRouter.swift in Sources */,
				1416CA94264C231200BAB857 /* WeightsViewModel.swift in Sources */,
				142999BE261BEE08006E698B /* AppDelegateRouter.swift in Sources */,
				146934E125A2605B00878DB9 /* AppDelegate.swift in Sources */,
				1416CA882649F51700BAB857 /* TimerViewModel.swift in Sources */,
				1416CA9E264C246100BAB857 /* CalendarViewController.swift in Sources */,
				14D13F7825AA730F00CF6FF1 /* Coordinator.swift in Sources */,
				1416CA96264C232200BAB857 /* StatsViewModel.swift in Sources */,
				14D13F6F25AA71E600CF6FF1 /* AppCoordinator.swift in Sources */,
				146934EB25A2605B00878DB9 /* TopOutTrainer.xcdatamodeld in Sources */,
				1416CAA0264C256D00BAB857 /* WeightsViewCoordinator.swift in Sources */,
				14D13F8225AA776600CF6FF1 /* SelectionViewController.swift in Sources */,
				148491D9261B992C00518405 /* Router.swift in Sources */,
				1416C9CA264086B900BAB857 /* Navigator.swift in Sources */,
				142631CA25BD24CF0083A04F /* UIColor+Extensions.swift in Sources */,
				1416CA98264C232D00BAB857 /* CalendarViewModel.swift in Sources */,
				149B184125B4CCBD00F8B325 /* SelectionUIView.swift in Sources */,
				1416CAA2264C257800BAB857 /* StatsViewCoordinator.swift in Sources */,
				1430DD0325D82669006F0ADD /* TimerViewController.swift in Sources */,
				14D13F7D25AA772200CF6FF1 /* SelectionViewCoordinator.swift in Sources */,
				142631B725BD02040083A04F /* SelectionUIButton.swift in Sources */,
				1416C9CC264088D800BAB857 /* AppRootViewController.swift in Sources */,
				1416CA8C2649F55100BAB857 /* TimerUIView.swift in Sources */,
				1416CA9A264C244800BAB857 /* WeightsViewController.swift in Sources */,
				1416CA9C264C245200BAB857 /* StatsViewController.swift in Sources */,
				1416CAA4264C258A00BAB857 /* CaldendarViewCoordinator.swift in Sources */,
				146934E325A2605B00878DB9 /* SceneDelegate.swift in Sources */,
			);
			runOnlyForDeploymentPostprocessing = 0;
		};
		146934F225A2605E00878DB9 /* Sources */ = {
			isa = PBXSourcesBuildPhase;
			buildActionMask = 2147483647;
			files = (
				146934FB25A2605E00878DB9 /* TopOutTrainerTests.swift in Sources */,
			);
			runOnlyForDeploymentPostprocessing = 0;
		};
		146934FD25A2605E00878DB9 /* Sources */ = {
			isa = PBXSourcesBuildPhase;
			buildActionMask = 2147483647;
			files = (
				1469350625A2605E00878DB9 /* TopOutTrainerUITests.swift in Sources */,
			);
			runOnlyForDeploymentPostprocessing = 0;
		};
/* End PBXSourcesBuildPhase section */

/* Begin PBXTargetDependency section */
		146934F825A2605E00878DB9 /* PBXTargetDependency */ = {
			isa = PBXTargetDependency;
			target = 146934DC25A2605B00878DB9 /* TopOutTrainer */;
			targetProxy = 146934F725A2605E00878DB9 /* PBXContainerItemProxy */;
		};
		1469350325A2605E00878DB9 /* PBXTargetDependency */ = {
			isa = PBXTargetDependency;
			target = 146934DC25A2605B00878DB9 /* TopOutTrainer */;
			targetProxy = 1469350225A2605E00878DB9 /* PBXContainerItemProxy */;
		};
/* End PBXTargetDependency section */

/* Begin PBXVariantGroup section */
		146934E625A2605B00878DB9 /* Main.storyboard */ = {
			isa = PBXVariantGroup;
			children = (
				146934E725A2605B00878DB9 /* Base */,
			);
			name = Main.storyboard;
			sourceTree = "<group>";
		};
		146934EE25A2605E00878DB9 /* LaunchScreen.storyboard */ = {
			isa = PBXVariantGroup;
			children = (
				146934EF25A2605E00878DB9 /* Base */,
			);
			name = LaunchScreen.storyboard;
			sourceTree = "<group>";
		};
/* End PBXVariantGroup section */

/* Begin XCBuildConfiguration section */
		1469350825A2605E00878DB9 /* Debug */ = {
			isa = XCBuildConfiguration;
			buildSettings = {
				ALWAYS_SEARCH_USER_PATHS = NO;
				CLANG_ANALYZER_NONNULL = YES;
				CLANG_ANALYZER_NUMBER_OBJECT_CONVERSION = YES_AGGRESSIVE;
				CLANG_CXX_LANGUAGE_STANDARD = "gnu++14";
				CLANG_CXX_LIBRARY = "libc++";
				CLANG_ENABLE_MODULES = YES;
				CLANG_ENABLE_OBJC_ARC = YES;
				CLANG_ENABLE_OBJC_WEAK = YES;
				CLANG_WARN_BLOCK_CAPTURE_AUTORELEASING = YES;
				CLANG_WARN_BOOL_CONVERSION = YES;
				CLANG_WARN_COMMA = YES;
				CLANG_WARN_CONSTANT_CONVERSION = YES;
				CLANG_WARN_DEPRECATED_OBJC_IMPLEMENTATIONS = YES;
				CLANG_WARN_DIRECT_OBJC_ISA_USAGE = YES_ERROR;
				CLANG_WARN_DOCUMENTATION_COMMENTS = YES;
				CLANG_WARN_EMPTY_BODY = YES;
				CLANG_WARN_ENUM_CONVERSION = YES;
				CLANG_WARN_INFINITE_RECURSION = YES;
				CLANG_WARN_INT_CONVERSION = YES;
				CLANG_WARN_NON_LITERAL_NULL_CONVERSION = YES;
				CLANG_WARN_OBJC_IMPLICIT_RETAIN_SELF = YES;
				CLANG_WARN_OBJC_LITERAL_CONVERSION = YES;
				CLANG_WARN_OBJC_ROOT_CLASS = YES_ERROR;
				CLANG_WARN_QUOTED_INCLUDE_IN_FRAMEWORK_HEADER = YES;
				CLANG_WARN_RANGE_LOOP_ANALYSIS = YES;
				CLANG_WARN_STRICT_PROTOTYPES = YES;
				CLANG_WARN_SUSPICIOUS_MOVE = YES;
				CLANG_WARN_UNGUARDED_AVAILABILITY = YES_AGGRESSIVE;
				CLANG_WARN_UNREACHABLE_CODE = YES;
				CLANG_WARN__DUPLICATE_METHOD_MATCH = YES;
				COPY_PHASE_STRIP = NO;
				DEBUG_INFORMATION_FORMAT = dwarf;
				ENABLE_STRICT_OBJC_MSGSEND = YES;
				ENABLE_TESTABILITY = YES;
				GCC_C_LANGUAGE_STANDARD = gnu11;
				GCC_DYNAMIC_NO_PIC = NO;
				GCC_NO_COMMON_BLOCKS = YES;
				GCC_OPTIMIZATION_LEVEL = 0;
				GCC_PREPROCESSOR_DEFINITIONS = (
					"DEBUG=1",
					"$(inherited)",
				);
				GCC_WARN_64_TO_32_BIT_CONVERSION = YES;
				GCC_WARN_ABOUT_RETURN_TYPE = YES_ERROR;
				GCC_WARN_UNDECLARED_SELECTOR = YES;
				GCC_WARN_UNINITIALIZED_AUTOS = YES_AGGRESSIVE;
				GCC_WARN_UNUSED_FUNCTION = YES;
				GCC_WARN_UNUSED_VARIABLE = YES;
				IPHONEOS_DEPLOYMENT_TARGET = 14.3;
				MTL_ENABLE_DEBUG_INFO = INCLUDE_SOURCE;
				MTL_FAST_MATH = YES;
				ONLY_ACTIVE_ARCH = YES;
				SDKROOT = iphoneos;
				SWIFT_ACTIVE_COMPILATION_CONDITIONS = DEBUG;
				SWIFT_OPTIMIZATION_LEVEL = "-Onone";
			};
			name = Debug;
		};
		1469350925A2605E00878DB9 /* Release */ = {
			isa = XCBuildConfiguration;
			buildSettings = {
				ALWAYS_SEARCH_USER_PATHS = NO;
				CLANG_ANALYZER_NONNULL = YES;
				CLANG_ANALYZER_NUMBER_OBJECT_CONVERSION = YES_AGGRESSIVE;
				CLANG_CXX_LANGUAGE_STANDARD = "gnu++14";
				CLANG_CXX_LIBRARY = "libc++";
				CLANG_ENABLE_MODULES = YES;
				CLANG_ENABLE_OBJC_ARC = YES;
				CLANG_ENABLE_OBJC_WEAK = YES;
				CLANG_WARN_BLOCK_CAPTURE_AUTORELEASING = YES;
				CLANG_WARN_BOOL_CONVERSION = YES;
				CLANG_WARN_COMMA = YES;
				CLANG_WARN_CONSTANT_CONVERSION = YES;
				CLANG_WARN_DEPRECATED_OBJC_IMPLEMENTATIONS = YES;
				CLANG_WARN_DIRECT_OBJC_ISA_USAGE = YES_ERROR;
				CLANG_WARN_DOCUMENTATION_COMMENTS = YES;
				CLANG_WARN_EMPTY_BODY = YES;
				CLANG_WARN_ENUM_CONVERSION = YES;
				CLANG_WARN_INFINITE_RECURSION = YES;
				CLANG_WARN_INT_CONVERSION = YES;
				CLANG_WARN_NON_LITERAL_NULL_CONVERSION = YES;
				CLANG_WARN_OBJC_IMPLICIT_RETAIN_SELF = YES;
				CLANG_WARN_OBJC_LITERAL_CONVERSION = YES;
				CLANG_WARN_OBJC_ROOT_CLASS = YES_ERROR;
				CLANG_WARN_QUOTED_INCLUDE_IN_FRAMEWORK_HEADER = YES;
				CLANG_WARN_RANGE_LOOP_ANALYSIS = YES;
				CLANG_WARN_STRICT_PROTOTYPES = YES;
				CLANG_WARN_SUSPICIOUS_MOVE = YES;
				CLANG_WARN_UNGUARDED_AVAILABILITY = YES_AGGRESSIVE;
				CLANG_WARN_UNREACHABLE_CODE = YES;
				CLANG_WARN__DUPLICATE_METHOD_MATCH = YES;
				COPY_PHASE_STRIP = NO;
				DEBUG_INFORMATION_FORMAT = "dwarf-with-dsym";
				ENABLE_NS_ASSERTIONS = NO;
				ENABLE_STRICT_OBJC_MSGSEND = YES;
				GCC_C_LANGUAGE_STANDARD = gnu11;
				GCC_NO_COMMON_BLOCKS = YES;
				GCC_WARN_64_TO_32_BIT_CONVERSION = YES;
				GCC_WARN_ABOUT_RETURN_TYPE = YES_ERROR;
				GCC_WARN_UNDECLARED_SELECTOR = YES;
				GCC_WARN_UNINITIALIZED_AUTOS = YES_AGGRESSIVE;
				GCC_WARN_UNUSED_FUNCTION = YES;
				GCC_WARN_UNUSED_VARIABLE = YES;
				IPHONEOS_DEPLOYMENT_TARGET = 14.3;
				MTL_ENABLE_DEBUG_INFO = NO;
				MTL_FAST_MATH = YES;
				SDKROOT = iphoneos;
				SWIFT_COMPILATION_MODE = wholemodule;
				SWIFT_OPTIMIZATION_LEVEL = "-O";
				VALIDATE_PRODUCT = YES;
			};
			name = Release;
		};
		1469350B25A2605E00878DB9 /* Debug */ = {
			isa = XCBuildConfiguration;
			buildSettings = {
				ASSETCATALOG_COMPILER_APPICON_NAME = AppIcon;
				ASSETCATALOG_COMPILER_GLOBAL_ACCENT_COLOR_NAME = AccentColor;
				CODE_SIGN_STYLE = Automatic;
				DEVELOPMENT_TEAM = YSL3N35QL3;
				INFOPLIST_FILE = TopOutTrainer/Info.plist;
				LD_RUNPATH_SEARCH_PATHS = (
					"$(inherited)",
					"@executable_path/Frameworks",
				);
				PRODUCT_BUNDLE_IDENTIFIER = zack.TopOutTrainer;
				PRODUCT_NAME = "$(TARGET_NAME)";
				SWIFT_VERSION = 5.0;
				TARGETED_DEVICE_FAMILY = "1,2";
			};
			name = Debug;
		};
		1469350C25A2605E00878DB9 /* Release */ = {
			isa = XCBuildConfiguration;
			buildSettings = {
				ASSETCATALOG_COMPILER_APPICON_NAME = AppIcon;
				ASSETCATALOG_COMPILER_GLOBAL_ACCENT_COLOR_NAME = AccentColor;
				CODE_SIGN_STYLE = Automatic;
				DEVELOPMENT_TEAM = YSL3N35QL3;
				INFOPLIST_FILE = TopOutTrainer/Info.plist;
				LD_RUNPATH_SEARCH_PATHS = (
					"$(inherited)",
					"@executable_path/Frameworks",
				);
				PRODUCT_BUNDLE_IDENTIFIER = zack.TopOutTrainer;
				PRODUCT_NAME = "$(TARGET_NAME)";
				SWIFT_VERSION = 5.0;
				TARGETED_DEVICE_FAMILY = "1,2";
			};
			name = Release;
		};
		1469350E25A2605E00878DB9 /* Debug */ = {
			isa = XCBuildConfiguration;
			buildSettings = {
				ALWAYS_EMBED_SWIFT_STANDARD_LIBRARIES = YES;
				BUNDLE_LOADER = "$(TEST_HOST)";
				CODE_SIGN_STYLE = Automatic;
				DEVELOPMENT_TEAM = YSL3N35QL3;
				INFOPLIST_FILE = TopOutTrainerTests/Info.plist;
				IPHONEOS_DEPLOYMENT_TARGET = 14.3;
				LD_RUNPATH_SEARCH_PATHS = (
					"$(inherited)",
					"@executable_path/Frameworks",
					"@loader_path/Frameworks",
				);
				PRODUCT_BUNDLE_IDENTIFIER = zack.TopOutTrainerTests;
				PRODUCT_NAME = "$(TARGET_NAME)";
				SWIFT_VERSION = 5.0;
				TARGETED_DEVICE_FAMILY = "1,2";
				TEST_HOST = "$(BUILT_PRODUCTS_DIR)/TopOutTrainer.app/TopOutTrainer";
			};
			name = Debug;
		};
		1469350F25A2605E00878DB9 /* Release */ = {
			isa = XCBuildConfiguration;
			buildSettings = {
				ALWAYS_EMBED_SWIFT_STANDARD_LIBRARIES = YES;
				BUNDLE_LOADER = "$(TEST_HOST)";
				CODE_SIGN_STYLE = Automatic;
				DEVELOPMENT_TEAM = YSL3N35QL3;
				INFOPLIST_FILE = TopOutTrainerTests/Info.plist;
				IPHONEOS_DEPLOYMENT_TARGET = 14.3;
				LD_RUNPATH_SEARCH_PATHS = (
					"$(inherited)",
					"@executable_path/Frameworks",
					"@loader_path/Frameworks",
				);
				PRODUCT_BUNDLE_IDENTIFIER = zack.TopOutTrainerTests;
				PRODUCT_NAME = "$(TARGET_NAME)";
				SWIFT_VERSION = 5.0;
				TARGETED_DEVICE_FAMILY = "1,2";
				TEST_HOST = "$(BUILT_PRODUCTS_DIR)/TopOutTrainer.app/TopOutTrainer";
			};
			name = Release;
		};
		1469351125A2605E00878DB9 /* Debug */ = {
			isa = XCBuildConfiguration;
			buildSettings = {
				ALWAYS_EMBED_SWIFT_STANDARD_LIBRARIES = YES;
				CODE_SIGN_STYLE = Automatic;
				DEVELOPMENT_TEAM = YSL3N35QL3;
				INFOPLIST_FILE = TopOutTrainerUITests/Info.plist;
				LD_RUNPATH_SEARCH_PATHS = (
					"$(inherited)",
					"@executable_path/Frameworks",
					"@loader_path/Frameworks",
				);
				PRODUCT_BUNDLE_IDENTIFIER = zack.TopOutTrainerUITests;
				PRODUCT_NAME = "$(TARGET_NAME)";
				SWIFT_VERSION = 5.0;
				TARGETED_DEVICE_FAMILY = "1,2";
				TEST_TARGET_NAME = TopOutTrainer;
			};
			name = Debug;
		};
		1469351225A2605E00878DB9 /* Release */ = {
			isa = XCBuildConfiguration;
			buildSettings = {
				ALWAYS_EMBED_SWIFT_STANDARD_LIBRARIES = YES;
				CODE_SIGN_STYLE = Automatic;
				DEVELOPMENT_TEAM = YSL3N35QL3;
				INFOPLIST_FILE = TopOutTrainerUITests/Info.plist;
				LD_RUNPATH_SEARCH_PATHS = (
					"$(inherited)",
					"@executable_path/Frameworks",
					"@loader_path/Frameworks",
				);
				PRODUCT_BUNDLE_IDENTIFIER = zack.TopOutTrainerUITests;
				PRODUCT_NAME = "$(TARGET_NAME)";
				SWIFT_VERSION = 5.0;
				TARGETED_DEVICE_FAMILY = "1,2";
				TEST_TARGET_NAME = TopOutTrainer;
			};
			name = Release;
		};
/* End XCBuildConfiguration section */

/* Begin XCConfigurationList section */
		146934D825A2605B00878DB9 /* Build configuration list for PBXProject "TopOutTrainer" */ = {
			isa = XCConfigurationList;
			buildConfigurations = (
				1469350825A2605E00878DB9 /* Debug */,
				1469350925A2605E00878DB9 /* Release */,
			);
			defaultConfigurationIsVisible = 0;
			defaultConfigurationName = Release;
		};
		1469350A25A2605E00878DB9 /* Build configuration list for PBXNativeTarget "TopOutTrainer" */ = {
			isa = XCConfigurationList;
			buildConfigurations = (
				1469350B25A2605E00878DB9 /* Debug */,
				1469350C25A2605E00878DB9 /* Release */,
			);
			defaultConfigurationIsVisible = 0;
			defaultConfigurationName = Release;
		};
		1469350D25A2605E00878DB9 /* Build configuration list for PBXNativeTarget "TopOutTrainerTests" */ = {
			isa = XCConfigurationList;
			buildConfigurations = (
				1469350E25A2605E00878DB9 /* Debug */,
				1469350F25A2605E00878DB9 /* Release */,
			);
			defaultConfigurationIsVisible = 0;
			defaultConfigurationName = Release;
		};
		1469351025A2605E00878DB9 /* Build configuration list for PBXNativeTarget "TopOutTrainerUITests" */ = {
			isa = XCConfigurationList;
			buildConfigurations = (
				1469351125A2605E00878DB9 /* Debug */,
				1469351225A2605E00878DB9 /* Release */,
			);
			defaultConfigurationIsVisible = 0;
			defaultConfigurationName = Release;
		};
/* End XCConfigurationList section */

/* Begin XCVersionGroup section */
		146934E925A2605B00878DB9 /* TopOutTrainer.xcdatamodeld */ = {
			isa = XCVersionGroup;
			children = (
				146934EA25A2605B00878DB9 /* TopOutTrainer.xcdatamodel */,
			);
			currentVersion = 146934EA25A2605B00878DB9 /* TopOutTrainer.xcdatamodel */;
			path = TopOutTrainer.xcdatamodeld;
			sourceTree = "<group>";
			versionGroupType = wrapper.xcdatamodel;
		};
/* End XCVersionGroup section */
	};
	rootObject = 146934D525A2605B00878DB9 /* Project object */;
}
