<?xml version="1.0" encoding="UTF-8"?>
<Scheme
   version = "1.3">
   <BuildAction>
      <BuildActionEntries>
         <BuildActionEntry
            buildForRunning = "YES">
            <BuildableReference
               BuildableIdentifier = "primary"
               BlueprintIdentifier = "146934DC25A2605B00878DB9"
               BuildableName = "TopOutTrainer.app"
               BlueprintName = "TopOutTrainer"
               ReferencedContainer = "container:TopOutTrainer.xcodeproj">
            </BuildableReference>
         </BuildActionEntry>
      </BuildActionEntries>
   </BuildAction>
   <LaunchAction
      useCustomWorkingDirectory = "NO"
      buildConfiguration = "Debug"
      allowLocationSimulation = "YES">
      <BuildableProductRunnable>
         <BuildableReference
            BuildableIdentifier = "primary"
            BlueprintIdentifier = "146934DC25A2605B00878DB9"
            BuildableName = "TopOutTrainer.app"
            BlueprintName = "TopOutTrainer"
            ReferencedContainer = "container:TopOutTrainer.xcodeproj">
         </BuildableReference>
      </BuildableProductRunnable>
   </LaunchAction>
</Scheme>
